
Microsoft Visual Studio Solution File, Format Version 12.00
# Visual Studio 2013
VisualStudioVersion = 12.0.30723.0
MinimumVisualStudioVersion = 10.0.40219.1
Project("{FAE04EC0-301F-11D3-BF4B-00C04F79EFBC}") = "FizzBuzz", "FizzBuzz\FizzBuzz.csproj", "{A59AA01F-175B-40E6-AFD4-29624FDB2035}"
EndProject
Project("{FAE04EC0-301F-11D3-BF4B-00C04F79EFBC}") = "FizzBuzz.Tests", "FizzBuzz.Tests\FizzBuzz.Tests.csproj", "{8CA498F6-B6DA-4A4D-A15F-9303F469F8DC}"
EndProject
Project("{FAE04EC0-301F-11D3-BF4B-00C04F79EFBC}") = "FizzBuzz.Core", "FizzBuzz.Core\FizzBuzz.Core.csproj", "{9301493E-2334-4E65-B7CD-DFD4F540C1AE}"
EndProject
Global
	GlobalSection(SolutionConfigurationPlatforms) = preSolution
		Debug|Any CPU = Debug|Any CPU
		Release|Any CPU = Release|Any CPU
	EndGlobalSection
	GlobalSection(ProjectConfigurationPlatforms) = postSolution
		{A59AA01F-175B-40E6-AFD4-29624FDB2035}.Debug|Any CPU.ActiveCfg = Debug|Any CPU
		{A59AA01F-175B-40E6-AFD4-29624FDB2035}.Debug|Any CPU.Build.0 = Debug|Any CPU
		{A59AA01F-175B-40E6-AFD4-29624FDB2035}.Release|Any CPU.ActiveCfg = Release|Any CPU
		{A59AA01F-175B-40E6-AFD4-29624FDB2035}.Release|Any CPU.Build.0 = Release|Any CPU
		{8CA498F6-B6DA-4A4D-A15F-9303F469F8DC}.Debug|Any CPU.ActiveCfg = Debug|Any CPU
		{8CA498F6-B6DA-4A4D-A15F-9303F469F8DC}.Debug|Any CPU.Build.0 = Debug|Any CPU
		{8CA498F6-B6DA-4A4D-A15F-9303F469F8DC}.Release|Any CPU.ActiveCfg = Release|Any CPU
		{8CA498F6-B6DA-4A4D-A15F-9303F469F8DC}.Release|Any CPU.Build.0 = Release|Any CPU
		{9301493E-2334-4E65-B7CD-DFD4F540C1AE}.Debug|Any CPU.ActiveCfg = Debug|Any CPU
		{9301493E-2334-4E65-B7CD-DFD4F540C1AE}.Debug|Any CPU.Build.0 = Debug|Any CPU
		{9301493E-2334-4E65-B7CD-DFD4F540C1AE}.Release|Any CPU.ActiveCfg = Release|Any CPU
		{9301493E-2334-4E65-B7CD-DFD4F540C1AE}.Release|Any CPU.Build.0 = Release|Any CPU
	EndGlobalSection
	GlobalSection(SolutionProperties) = preSolution
		HideSolutionNode = FALSE
	EndGlobalSection
EndGlobal
